
Microsoft Visual Studio Solution File, Format Version 12.00
# Visual Studio 14
VisualStudioVersion = 14.0.23107.0
MinimumVisualStudioVersion = 10.0.40219.1
Project("{FAE04EC0-301F-11D3-BF4B-00C04F79EFBC}") = "Tz.DeviceManagerService", "DeviceManagerService\Tz.DeviceManagerService.csproj", "{ED8D5982-53EA-4AD9-B363-55BC5098C896}"
EndProject
Project("{FAE04EC0-301F-11D3-BF4B-00C04F79EFBC}") = "TZ.API.DeviceManagement", "TZ.API.DeviceManager\TZ.API.DeviceManagement.csproj", "{273C64AD-7FC9-476B-B8B0-267BF1750C51}"
EndProject
Project("{FAE04EC0-301F-11D3-BF4B-00C04F79EFBC}") = "ClientApplication", "ClientApplication\ClientApplication.csproj", "{7E434D04-E5E3-446F-91EC-7F35180C6C78}"
EndProject
Project("{FAE04EC0-301F-11D3-BF4B-00C04F79EFBC}") = "Tz.LockerBank.Common.Interface", "Common\Tz.LockerBank.Common.Interface.csproj", "{B545B3C6-5431-4004-B803-94C0775174C0}"
EndProject
Project("{2150E333-8FDC-42A3-9474-1A3956D46DE8}") = "Kiosk", "Kiosk", "{5860EE1F-C748-469E-B3C9-918B958E5910}"
EndProject
Project("{FAE04EC0-301F-11D3-BF4B-00C04F79EFBC}") = "ConsoleApplication1", "ConsoleApplication1\ConsoleApplication1.csproj", "{5187F3AC-60FF-49B4-9205-459039FF2756}"
EndProject
Project("{2150E333-8FDC-42A3-9474-1A3956D46DE8}") = "ClientTesting", "ClientTesting", "{02594B0F-F639-4083-9008-1D40E3C9277A}"
EndProject
Project("{2150E333-8FDC-42A3-9474-1A3956D46DE8}") = "Interfaces", "Interfaces", "{D1A461CB-3720-42DB-A7AB-7B3670EB7923}"
EndProject
Project("{2150E333-8FDC-42A3-9474-1A3956D46DE8}") = "WebSite", "WebSite", "{6925768A-A014-4410-9AB6-08D24389F89D}"
EndProject
Project("{2150E333-8FDC-42A3-9474-1A3956D46DE8}") = "Modules", "Modules", "{3D8C543D-B3A6-492A-84A5-31F739FADAE8}"
EndProject
Project("{2150E333-8FDC-42A3-9474-1A3956D46DE8}") = "ParcelModule", "ParcelModule", "{4C0BE352-72C2-45DD-9B95-79169430E215}"
EndProject
Project("{FAE04EC0-301F-11D3-BF4B-00C04F79EFBC}") = "Tz.Parcel.DataModel", "ParcelDb\Tz.Parcel.DataModel.csproj", "{47AA85EB-BCAA-4E33-8F4E-1E7143BD0337}"
EndProject
Project("{2150E333-8FDC-42A3-9474-1A3956D46DE8}") = "AgentModule", "AgentModule", "{145359ED-967F-4B58-9D48-A5199CC00133}"
EndProject
Project("{2150E333-8FDC-42A3-9474-1A3956D46DE8}") = "LockerBankModule", "LockerBankModule", "{6A94A9F8-823E-4A55-ABC1-A6FDBFA5C0DC}"
EndProject
Project("{2150E333-8FDC-42A3-9474-1A3956D46DE8}") = "ResidentModule", "ResidentModule", "{B632D213-0953-4C18-87F0-307FB8028976}"
EndProject
Project("{FAE04EC0-301F-11D3-BF4B-00C04F79EFBC}") = "Tz.Resident.DataModel", "Resident.DataModel\Tz.Resident.DataModel.csproj", "{B14DFFFB-840E-4FE0-80EE-FCAAA572AE99}"
EndProject
Project("{FAE04EC0-301F-11D3-BF4B-00C04F79EFBC}") = "Tz.Locker.DataModel", "Locker.DataModel\Tz.Locker.DataModel.csproj", "{8FAFE10A-9532-48E9-8BEF-873F8EFD8CFC}"
EndProject
Project("{FAE04EC0-301F-11D3-BF4B-00C04F79EFBC}") = "Tz.Agent.DataModel", "Agent.DataModel\Tz.Agent.DataModel.csproj", "{9A53F769-5D03-43DD-BAC0-B165B840F563}"
EndProject
Project("{FAE04EC0-301F-11D3-BF4B-00C04F79EFBC}") = "Common.DataModel", "DataModel.Common\Common.DataModel.csproj", "{485F14AD-3DD0-4274-B590-945FC929D589}"
EndProject
Project("{FAE04EC0-301F-11D3-BF4B-00C04F79EFBC}") = "Common", "Common.Modules\Common.csproj", "{1E87F5DC-5BD6-45CA-979E-E4F728F554A5}"
EndProject
Project("{FAE04EC0-301F-11D3-BF4B-00C04F79EFBC}") = "Tz.Common.Values", "Common.Values\Tz.Common.Values.csproj", "{84EE0288-D093-4F5F-AAF9-E2CD64C04A8D}"
EndProject
Project("{FAE04EC0-301F-11D3-BF4B-00C04F79EFBC}") = "Tz.Parcel.ApplicationService", "Parcel.ApplicationService\Tz.Parcel.ApplicationService.csproj", "{00A6AB0F-6680-4EC3-B13C-69E2791A3D0F}"
EndProject
Project("{2150E333-8FDC-42A3-9474-1A3956D46DE8}") = "DependencyInjection", "DependencyInjection", "{27569611-9D3A-4785-93AE-F595F31DEFAD}"
EndProject
Project("{FAE04EC0-301F-11D3-BF4B-00C04F79EFBC}") = "DependencyContainer", "DependencyContainer\DependencyContainer.csproj", "{38B68574-41AD-4C07-A1E3-077409257983}"
EndProject
Project("{FAE04EC0-301F-11D3-BF4B-00C04F79EFBC}") = "Tz.Locker.ApplicationService", "Locker.ApplicationService\Tz.Locker.ApplicationService.csproj", "{C77EAC46-9B4E-424A-B2E5-9725AB3C3B2F}"
EndProject
Project("{FAE04EC0-301F-11D3-BF4B-00C04F79EFBC}") = "Tz.Parcel.Common", "Parcel.Common\Tz.Parcel.Common.csproj", "{2EBEE0D0-F5B0-45CD-8A9D-0E1755B8BEFD}"
EndProject
Project("{FAE04EC0-301F-11D3-BF4B-00C04F79EFBC}") = "Tz.Locker.Common", "Locker.Common\Tz.Locker.Common.csproj", "{6FAC72A2-7D8D-453F-9D49-ABEBD741A0C6}"
EndProject
Project("{FAE04EC0-301F-11D3-BF4B-00C04F79EFBC}") = "Tz.Resident.Common", "Resident.Common\Tz.Resident.Common.csproj", "{EDEA211A-2504-4519-B4ED-FCEA55907E67}"
EndProject
Project("{FAE04EC0-301F-11D3-BF4B-00C04F79EFBC}") = "Tz.Resident.ApplicationServices", "Resident.ApplicationServices\Tz.Resident.ApplicationServices.csproj", "{D944A59D-B074-456D-B8A2-647CCE53FDFE}"
EndProject
Project("{FAE04EC0-301F-11D3-BF4B-00C04F79EFBC}") = "Tz.Agent.Common", "Agent.Common\Tz.Agent.Common.csproj", "{0983A550-1287-4965-929C-C6EE7106A7BC}"
EndProject
Project("{FAE04EC0-301F-11D3-BF4B-00C04F79EFBC}") = "Tz.Agent.ApplicationServices", "Agent.ApplicationServices\Tz.Agent.ApplicationServices.csproj", "{DF502F70-77AF-49C9-9DC0-A74FF34241CF}"
EndProject
Project("{2150E333-8FDC-42A3-9474-1A3956D46DE8}") = "Features", "Features", "{354531DE-1B52-4B38-9B29-768F0D01EB83}"
EndProject
Project("{2150E333-8FDC-42A3-9474-1A3956D46DE8}") = "Server", "Server", "{1FF5122B-D6F7-4437-B99C-A4F0A20EEC70}"
EndProject
Project("{2150E333-8FDC-42A3-9474-1A3956D46DE8}") = "PropertyModule", "PropertyModule", "{0FC831DB-292F-4D1D-9733-405E2CF43178}"
EndProject
Project("{FAE04EC0-301F-11D3-BF4B-00C04F79EFBC}") = "Tz.Property.DataModel", "Property.DataModel\Tz.Property.DataModel.csproj", "{D841B6A8-C0D4-4FEA-A15E-5A7AF38AF7D9}"
EndProject
Project("{FAE04EC0-301F-11D3-BF4B-00C04F79EFBC}") = "Tz.Property.Common", "Tz.Property.Common\Tz.Property.Common.csproj", "{8AD9041A-94E5-4E43-B3C3-DFFFA67F25CF}"
EndProject
Project("{FAE04EC0-301F-11D3-BF4B-00C04F79EFBC}") = "Tz.DropOff.ApplicationService", "DropOffApplication service\Tz.DropOff.ApplicationService.csproj", "{D51AD383-A198-4424-AD1D-B825415036AD}"
EndProject
Project("{FAE04EC0-301F-11D3-BF4B-00C04F79EFBC}") = "Tz.ApplicationServices.Common", "ApplicationServices.Common\Tz.ApplicationServices.Common.csproj", "{69D0B635-95C9-4BE7-A7BB-8E0FF6641574}"
EndProject
Project("{FAE04EC0-301F-11D3-BF4B-00C04F79EFBC}") = "WebApi", "WebApi\WebApi.csproj", "{EA55925C-0D80-420B-9194-7B340A7B329C}"
EndProject
Project("{FAE04EC0-301F-11D3-BF4B-00C04F79EFBC}") = "Tz.AgentValidation", "AgentValidation\Tz.AgentValidation.csproj", "{17A91523-6D98-4F48-845C-86898A0CA72A}"
EndProject
Project("{FAE04EC0-301F-11D3-BF4B-00C04F79EFBC}") = "Tz.Resident.ApplicationService", "ResidentApplicationService\Tz.Resident.ApplicationService.csproj", "{39BAC534-CB8F-43BB-876E-5793C032B0EE}"
EndProject
Project("{FAE04EC0-301F-11D3-BF4B-00C04F79EFBC}") = "KioskApp", "KioskApp\KioskApp.csproj", "{2515660F-0754-486C-89EF-F281BE27E8D2}"
EndProject
Project("{FAE04EC0-301F-11D3-BF4B-00C04F79EFBC}") = "WebHttpCors", "..\..\Delete\CorsSupport\WebHttpCors\WebHttpCors.csproj", "{9045E552-71C6-497F-9C91-97906155C233}"
EndProject
Global
	GlobalSection(SolutionConfigurationPlatforms) = preSolution
		Debug|Any CPU = Debug|Any CPU
		Debug|ARM = Debug|ARM
		Debug|x64 = Debug|x64
		Debug|x86 = Debug|x86
		Release|Any CPU = Release|Any CPU
		Release|ARM = Release|ARM
		Release|x64 = Release|x64
		Release|x86 = Release|x86
	EndGlobalSection
	GlobalSection(ProjectConfigurationPlatforms) = postSolution
		{ED8D5982-53EA-4AD9-B363-55BC5098C896}.Debug|Any CPU.ActiveCfg = Debug|Any CPU
		{ED8D5982-53EA-4AD9-B363-55BC5098C896}.Debug|Any CPU.Build.0 = Debug|Any CPU
		{ED8D5982-53EA-4AD9-B363-55BC5098C896}.Debug|ARM.ActiveCfg = Debug|Any CPU
		{ED8D5982-53EA-4AD9-B363-55BC5098C896}.Debug|ARM.Build.0 = Debug|Any CPU
		{ED8D5982-53EA-4AD9-B363-55BC5098C896}.Debug|x64.ActiveCfg = Debug|Any CPU
		{ED8D5982-53EA-4AD9-B363-55BC5098C896}.Debug|x64.Build.0 = Debug|Any CPU
		{ED8D5982-53EA-4AD9-B363-55BC5098C896}.Debug|x86.ActiveCfg = Debug|Any CPU
		{ED8D5982-53EA-4AD9-B363-55BC5098C896}.Debug|x86.Build.0 = Debug|Any CPU
		{ED8D5982-53EA-4AD9-B363-55BC5098C896}.Release|Any CPU.ActiveCfg = Release|Any CPU
		{ED8D5982-53EA-4AD9-B363-55BC5098C896}.Release|Any CPU.Build.0 = Release|Any CPU
		{ED8D5982-53EA-4AD9-B363-55BC5098C896}.Release|ARM.ActiveCfg = Release|Any CPU
		{ED8D5982-53EA-4AD9-B363-55BC5098C896}.Release|ARM.Build.0 = Release|Any CPU
		{ED8D5982-53EA-4AD9-B363-55BC5098C896}.Release|x64.ActiveCfg = Release|Any CPU
		{ED8D5982-53EA-4AD9-B363-55BC5098C896}.Release|x64.Build.0 = Release|Any CPU
		{ED8D5982-53EA-4AD9-B363-55BC5098C896}.Release|x86.ActiveCfg = Release|Any CPU
		{ED8D5982-53EA-4AD9-B363-55BC5098C896}.Release|x86.Build.0 = Release|Any CPU
		{273C64AD-7FC9-476B-B8B0-267BF1750C51}.Debug|Any CPU.ActiveCfg = Debug|Any CPU
		{273C64AD-7FC9-476B-B8B0-267BF1750C51}.Debug|Any CPU.Build.0 = Debug|Any CPU
		{273C64AD-7FC9-476B-B8B0-267BF1750C51}.Debug|ARM.ActiveCfg = Debug|Any CPU
		{273C64AD-7FC9-476B-B8B0-267BF1750C51}.Debug|ARM.Build.0 = Debug|Any CPU
		{273C64AD-7FC9-476B-B8B0-267BF1750C51}.Debug|x64.ActiveCfg = Debug|Any CPU
		{273C64AD-7FC9-476B-B8B0-267BF1750C51}.Debug|x64.Build.0 = Debug|Any CPU
		{273C64AD-7FC9-476B-B8B0-267BF1750C51}.Debug|x86.ActiveCfg = Debug|Any CPU
		{273C64AD-7FC9-476B-B8B0-267BF1750C51}.Debug|x86.Build.0 = Debug|Any CPU
		{273C64AD-7FC9-476B-B8B0-267BF1750C51}.Release|Any CPU.ActiveCfg = Release|Any CPU
		{273C64AD-7FC9-476B-B8B0-267BF1750C51}.Release|Any CPU.Build.0 = Release|Any CPU
		{273C64AD-7FC9-476B-B8B0-267BF1750C51}.Release|ARM.ActiveCfg = Release|Any CPU
		{273C64AD-7FC9-476B-B8B0-267BF1750C51}.Release|ARM.Build.0 = Release|Any CPU
		{273C64AD-7FC9-476B-B8B0-267BF1750C51}.Release|x64.ActiveCfg = Release|Any CPU
		{273C64AD-7FC9-476B-B8B0-267BF1750C51}.Release|x64.Build.0 = Release|Any CPU
		{273C64AD-7FC9-476B-B8B0-267BF1750C51}.Release|x86.ActiveCfg = Release|Any CPU
		{273C64AD-7FC9-476B-B8B0-267BF1750C51}.Release|x86.Build.0 = Release|Any CPU
		{7E434D04-E5E3-446F-91EC-7F35180C6C78}.Debug|Any CPU.ActiveCfg = Debug|Any CPU
		{7E434D04-E5E3-446F-91EC-7F35180C6C78}.Debug|Any CPU.Build.0 = Debug|Any CPU
		{7E434D04-E5E3-446F-91EC-7F35180C6C78}.Debug|ARM.ActiveCfg = Debug|Any CPU
		{7E434D04-E5E3-446F-91EC-7F35180C6C78}.Debug|ARM.Build.0 = Debug|Any CPU
		{7E434D04-E5E3-446F-91EC-7F35180C6C78}.Debug|x64.ActiveCfg = Debug|Any CPU
		{7E434D04-E5E3-446F-91EC-7F35180C6C78}.Debug|x64.Build.0 = Debug|Any CPU
		{7E434D04-E5E3-446F-91EC-7F35180C6C78}.Debug|x86.ActiveCfg = Debug|Any CPU
		{7E434D04-E5E3-446F-91EC-7F35180C6C78}.Debug|x86.Build.0 = Debug|Any CPU
		{7E434D04-E5E3-446F-91EC-7F35180C6C78}.Release|Any CPU.ActiveCfg = Release|Any CPU
		{7E434D04-E5E3-446F-91EC-7F35180C6C78}.Release|Any CPU.Build.0 = Release|Any CPU
		{7E434D04-E5E3-446F-91EC-7F35180C6C78}.Release|ARM.ActiveCfg = Release|Any CPU
		{7E434D04-E5E3-446F-91EC-7F35180C6C78}.Release|ARM.Build.0 = Release|Any CPU
		{7E434D04-E5E3-446F-91EC-7F35180C6C78}.Release|x64.ActiveCfg = Release|Any CPU
		{7E434D04-E5E3-446F-91EC-7F35180C6C78}.Release|x64.Build.0 = Release|Any CPU
		{7E434D04-E5E3-446F-91EC-7F35180C6C78}.Release|x86.ActiveCfg = Release|Any CPU
		{7E434D04-E5E3-446F-91EC-7F35180C6C78}.Release|x86.Build.0 = Release|Any CPU
		{B545B3C6-5431-4004-B803-94C0775174C0}.Debug|Any CPU.ActiveCfg = Debug|Any CPU
		{B545B3C6-5431-4004-B803-94C0775174C0}.Debug|Any CPU.Build.0 = Debug|Any CPU
		{B545B3C6-5431-4004-B803-94C0775174C0}.Debug|ARM.ActiveCfg = Debug|Any CPU
		{B545B3C6-5431-4004-B803-94C0775174C0}.Debug|ARM.Build.0 = Debug|Any CPU
		{B545B3C6-5431-4004-B803-94C0775174C0}.Debug|x64.ActiveCfg = Debug|Any CPU
		{B545B3C6-5431-4004-B803-94C0775174C0}.Debug|x64.Build.0 = Debug|Any CPU
		{B545B3C6-5431-4004-B803-94C0775174C0}.Debug|x86.ActiveCfg = Debug|Any CPU
		{B545B3C6-5431-4004-B803-94C0775174C0}.Debug|x86.Build.0 = Debug|Any CPU
		{B545B3C6-5431-4004-B803-94C0775174C0}.Release|Any CPU.ActiveCfg = Release|Any CPU
		{B545B3C6-5431-4004-B803-94C0775174C0}.Release|Any CPU.Build.0 = Release|Any CPU
		{B545B3C6-5431-4004-B803-94C0775174C0}.Release|ARM.ActiveCfg = Release|Any CPU
		{B545B3C6-5431-4004-B803-94C0775174C0}.Release|ARM.Build.0 = Release|Any CPU
		{B545B3C6-5431-4004-B803-94C0775174C0}.Release|x64.ActiveCfg = Release|Any CPU
		{B545B3C6-5431-4004-B803-94C0775174C0}.Release|x64.Build.0 = Release|Any CPU
		{B545B3C6-5431-4004-B803-94C0775174C0}.Release|x86.ActiveCfg = Release|Any CPU
		{B545B3C6-5431-4004-B803-94C0775174C0}.Release|x86.Build.0 = Release|Any CPU
		{5187F3AC-60FF-49B4-9205-459039FF2756}.Debug|Any CPU.ActiveCfg = Debug|Any CPU
		{5187F3AC-60FF-49B4-9205-459039FF2756}.Debug|Any CPU.Build.0 = Debug|Any CPU
		{5187F3AC-60FF-49B4-9205-459039FF2756}.Debug|ARM.ActiveCfg = Debug|Any CPU
		{5187F3AC-60FF-49B4-9205-459039FF2756}.Debug|ARM.Build.0 = Debug|Any CPU
		{5187F3AC-60FF-49B4-9205-459039FF2756}.Debug|x64.ActiveCfg = Debug|Any CPU
		{5187F3AC-60FF-49B4-9205-459039FF2756}.Debug|x64.Build.0 = Debug|Any CPU
		{5187F3AC-60FF-49B4-9205-459039FF2756}.Debug|x86.ActiveCfg = Debug|Any CPU
		{5187F3AC-60FF-49B4-9205-459039FF2756}.Debug|x86.Build.0 = Debug|Any CPU
		{5187F3AC-60FF-49B4-9205-459039FF2756}.Release|Any CPU.ActiveCfg = Release|Any CPU
		{5187F3AC-60FF-49B4-9205-459039FF2756}.Release|Any CPU.Build.0 = Release|Any CPU
		{5187F3AC-60FF-49B4-9205-459039FF2756}.Release|ARM.ActiveCfg = Release|Any CPU
		{5187F3AC-60FF-49B4-9205-459039FF2756}.Release|ARM.Build.0 = Release|Any CPU
		{5187F3AC-60FF-49B4-9205-459039FF2756}.Release|x64.ActiveCfg = Release|Any CPU
		{5187F3AC-60FF-49B4-9205-459039FF2756}.Release|x64.Build.0 = Release|Any CPU
		{5187F3AC-60FF-49B4-9205-459039FF2756}.Release|x86.ActiveCfg = Release|Any CPU
		{5187F3AC-60FF-49B4-9205-459039FF2756}.Release|x86.Build.0 = Release|Any CPU
		{47AA85EB-BCAA-4E33-8F4E-1E7143BD0337}.Debug|Any CPU.ActiveCfg = Debug|Any CPU
		{47AA85EB-BCAA-4E33-8F4E-1E7143BD0337}.Debug|Any CPU.Build.0 = Debug|Any CPU
		{47AA85EB-BCAA-4E33-8F4E-1E7143BD0337}.Debug|ARM.ActiveCfg = Debug|Any CPU
		{47AA85EB-BCAA-4E33-8F4E-1E7143BD0337}.Debug|ARM.Build.0 = Debug|Any CPU
		{47AA85EB-BCAA-4E33-8F4E-1E7143BD0337}.Debug|x64.ActiveCfg = Debug|Any CPU
		{47AA85EB-BCAA-4E33-8F4E-1E7143BD0337}.Debug|x64.Build.0 = Debug|Any CPU
		{47AA85EB-BCAA-4E33-8F4E-1E7143BD0337}.Debug|x86.ActiveCfg = Debug|Any CPU
		{47AA85EB-BCAA-4E33-8F4E-1E7143BD0337}.Debug|x86.Build.0 = Debug|Any CPU
		{47AA85EB-BCAA-4E33-8F4E-1E7143BD0337}.Release|Any CPU.ActiveCfg = Release|Any CPU
		{47AA85EB-BCAA-4E33-8F4E-1E7143BD0337}.Release|Any CPU.Build.0 = Release|Any CPU
		{47AA85EB-BCAA-4E33-8F4E-1E7143BD0337}.Release|ARM.ActiveCfg = Release|Any CPU
		{47AA85EB-BCAA-4E33-8F4E-1E7143BD0337}.Release|ARM.Build.0 = Release|Any CPU
		{47AA85EB-BCAA-4E33-8F4E-1E7143BD0337}.Release|x64.ActiveCfg = Release|Any CPU
		{47AA85EB-BCAA-4E33-8F4E-1E7143BD0337}.Release|x64.Build.0 = Release|Any CPU
		{47AA85EB-BCAA-4E33-8F4E-1E7143BD0337}.Release|x86.ActiveCfg = Release|Any CPU
		{47AA85EB-BCAA-4E33-8F4E-1E7143BD0337}.Release|x86.Build.0 = Release|Any CPU
		{B14DFFFB-840E-4FE0-80EE-FCAAA572AE99}.Debug|Any CPU.ActiveCfg = Debug|Any CPU
		{B14DFFFB-840E-4FE0-80EE-FCAAA572AE99}.Debug|Any CPU.Build.0 = Debug|Any CPU
		{B14DFFFB-840E-4FE0-80EE-FCAAA572AE99}.Debug|ARM.ActiveCfg = Debug|Any CPU
		{B14DFFFB-840E-4FE0-80EE-FCAAA572AE99}.Debug|ARM.Build.0 = Debug|Any CPU
		{B14DFFFB-840E-4FE0-80EE-FCAAA572AE99}.Debug|x64.ActiveCfg = Debug|Any CPU
		{B14DFFFB-840E-4FE0-80EE-FCAAA572AE99}.Debug|x64.Build.0 = Debug|Any CPU
		{B14DFFFB-840E-4FE0-80EE-FCAAA572AE99}.Debug|x86.ActiveCfg = Debug|Any CPU
		{B14DFFFB-840E-4FE0-80EE-FCAAA572AE99}.Debug|x86.Build.0 = Debug|Any CPU
		{B14DFFFB-840E-4FE0-80EE-FCAAA572AE99}.Release|Any CPU.ActiveCfg = Release|Any CPU
		{B14DFFFB-840E-4FE0-80EE-FCAAA572AE99}.Release|Any CPU.Build.0 = Release|Any CPU
		{B14DFFFB-840E-4FE0-80EE-FCAAA572AE99}.Release|ARM.ActiveCfg = Release|Any CPU
		{B14DFFFB-840E-4FE0-80EE-FCAAA572AE99}.Release|ARM.Build.0 = Release|Any CPU
		{B14DFFFB-840E-4FE0-80EE-FCAAA572AE99}.Release|x64.ActiveCfg = Release|Any CPU
		{B14DFFFB-840E-4FE0-80EE-FCAAA572AE99}.Release|x64.Build.0 = Release|Any CPU
		{B14DFFFB-840E-4FE0-80EE-FCAAA572AE99}.Release|x86.ActiveCfg = Release|Any CPU
		{B14DFFFB-840E-4FE0-80EE-FCAAA572AE99}.Release|x86.Build.0 = Release|Any CPU
		{8FAFE10A-9532-48E9-8BEF-873F8EFD8CFC}.Debug|Any CPU.ActiveCfg = Debug|Any CPU
		{8FAFE10A-9532-48E9-8BEF-873F8EFD8CFC}.Debug|Any CPU.Build.0 = Debug|Any CPU
		{8FAFE10A-9532-48E9-8BEF-873F8EFD8CFC}.Debug|ARM.ActiveCfg = Debug|Any CPU
		{8FAFE10A-9532-48E9-8BEF-873F8EFD8CFC}.Debug|ARM.Build.0 = Debug|Any CPU
		{8FAFE10A-9532-48E9-8BEF-873F8EFD8CFC}.Debug|x64.ActiveCfg = Debug|Any CPU
		{8FAFE10A-9532-48E9-8BEF-873F8EFD8CFC}.Debug|x64.Build.0 = Debug|Any CPU
		{8FAFE10A-9532-48E9-8BEF-873F8EFD8CFC}.Debug|x86.ActiveCfg = Debug|Any CPU
		{8FAFE10A-9532-48E9-8BEF-873F8EFD8CFC}.Debug|x86.Build.0 = Debug|Any CPU
		{8FAFE10A-9532-48E9-8BEF-873F8EFD8CFC}.Release|Any CPU.ActiveCfg = Release|Any CPU
		{8FAFE10A-9532-48E9-8BEF-873F8EFD8CFC}.Release|Any CPU.Build.0 = Release|Any CPU
		{8FAFE10A-9532-48E9-8BEF-873F8EFD8CFC}.Release|ARM.ActiveCfg = Release|Any CPU
		{8FAFE10A-9532-48E9-8BEF-873F8EFD8CFC}.Release|ARM.Build.0 = Release|Any CPU
		{8FAFE10A-9532-48E9-8BEF-873F8EFD8CFC}.Release|x64.ActiveCfg = Release|Any CPU
		{8FAFE10A-9532-48E9-8BEF-873F8EFD8CFC}.Release|x64.Build.0 = Release|Any CPU
		{8FAFE10A-9532-48E9-8BEF-873F8EFD8CFC}.Release|x86.ActiveCfg = Release|Any CPU
		{8FAFE10A-9532-48E9-8BEF-873F8EFD8CFC}.Release|x86.Build.0 = Release|Any CPU
		{9A53F769-5D03-43DD-BAC0-B165B840F563}.Debug|Any CPU.ActiveCfg = Debug|Any CPU
		{9A53F769-5D03-43DD-BAC0-B165B840F563}.Debug|Any CPU.Build.0 = Debug|Any CPU
		{9A53F769-5D03-43DD-BAC0-B165B840F563}.Debug|ARM.ActiveCfg = Debug|Any CPU
		{9A53F769-5D03-43DD-BAC0-B165B840F563}.Debug|ARM.Build.0 = Debug|Any CPU
		{9A53F769-5D03-43DD-BAC0-B165B840F563}.Debug|x64.ActiveCfg = Debug|Any CPU
		{9A53F769-5D03-43DD-BAC0-B165B840F563}.Debug|x64.Build.0 = Debug|Any CPU
		{9A53F769-5D03-43DD-BAC0-B165B840F563}.Debug|x86.ActiveCfg = Debug|Any CPU
		{9A53F769-5D03-43DD-BAC0-B165B840F563}.Debug|x86.Build.0 = Debug|Any CPU
		{9A53F769-5D03-43DD-BAC0-B165B840F563}.Release|Any CPU.ActiveCfg = Release|Any CPU
		{9A53F769-5D03-43DD-BAC0-B165B840F563}.Release|Any CPU.Build.0 = Release|Any CPU
		{9A53F769-5D03-43DD-BAC0-B165B840F563}.Release|ARM.ActiveCfg = Release|Any CPU
		{9A53F769-5D03-43DD-BAC0-B165B840F563}.Release|ARM.Build.0 = Release|Any CPU
		{9A53F769-5D03-43DD-BAC0-B165B840F563}.Release|x64.ActiveCfg = Release|Any CPU
		{9A53F769-5D03-43DD-BAC0-B165B840F563}.Release|x64.Build.0 = Release|Any CPU
		{9A53F769-5D03-43DD-BAC0-B165B840F563}.Release|x86.ActiveCfg = Release|Any CPU
		{9A53F769-5D03-43DD-BAC0-B165B840F563}.Release|x86.Build.0 = Release|Any CPU
		{485F14AD-3DD0-4274-B590-945FC929D589}.Debug|Any CPU.ActiveCfg = Debug|Any CPU
		{485F14AD-3DD0-4274-B590-945FC929D589}.Debug|Any CPU.Build.0 = Debug|Any CPU
		{485F14AD-3DD0-4274-B590-945FC929D589}.Debug|ARM.ActiveCfg = Debug|Any CPU
		{485F14AD-3DD0-4274-B590-945FC929D589}.Debug|ARM.Build.0 = Debug|Any CPU
		{485F14AD-3DD0-4274-B590-945FC929D589}.Debug|x64.ActiveCfg = Debug|Any CPU
		{485F14AD-3DD0-4274-B590-945FC929D589}.Debug|x64.Build.0 = Debug|Any CPU
		{485F14AD-3DD0-4274-B590-945FC929D589}.Debug|x86.ActiveCfg = Debug|Any CPU
		{485F14AD-3DD0-4274-B590-945FC929D589}.Debug|x86.Build.0 = Debug|Any CPU
		{485F14AD-3DD0-4274-B590-945FC929D589}.Release|Any CPU.ActiveCfg = Release|Any CPU
		{485F14AD-3DD0-4274-B590-945FC929D589}.Release|Any CPU.Build.0 = Release|Any CPU
		{485F14AD-3DD0-4274-B590-945FC929D589}.Release|ARM.ActiveCfg = Release|Any CPU
		{485F14AD-3DD0-4274-B590-945FC929D589}.Release|ARM.Build.0 = Release|Any CPU
		{485F14AD-3DD0-4274-B590-945FC929D589}.Release|x64.ActiveCfg = Release|Any CPU
		{485F14AD-3DD0-4274-B590-945FC929D589}.Release|x64.Build.0 = Release|Any CPU
		{485F14AD-3DD0-4274-B590-945FC929D589}.Release|x86.ActiveCfg = Release|Any CPU
		{485F14AD-3DD0-4274-B590-945FC929D589}.Release|x86.Build.0 = Release|Any CPU
		{1E87F5DC-5BD6-45CA-979E-E4F728F554A5}.Debug|Any CPU.ActiveCfg = Debug|Any CPU
		{1E87F5DC-5BD6-45CA-979E-E4F728F554A5}.Debug|Any CPU.Build.0 = Debug|Any CPU
		{1E87F5DC-5BD6-45CA-979E-E4F728F554A5}.Debug|ARM.ActiveCfg = Debug|Any CPU
		{1E87F5DC-5BD6-45CA-979E-E4F728F554A5}.Debug|ARM.Build.0 = Debug|Any CPU
		{1E87F5DC-5BD6-45CA-979E-E4F728F554A5}.Debug|x64.ActiveCfg = Debug|Any CPU
		{1E87F5DC-5BD6-45CA-979E-E4F728F554A5}.Debug|x64.Build.0 = Debug|Any CPU
		{1E87F5DC-5BD6-45CA-979E-E4F728F554A5}.Debug|x86.ActiveCfg = Debug|Any CPU
		{1E87F5DC-5BD6-45CA-979E-E4F728F554A5}.Debug|x86.Build.0 = Debug|Any CPU
		{1E87F5DC-5BD6-45CA-979E-E4F728F554A5}.Release|Any CPU.ActiveCfg = Release|Any CPU
		{1E87F5DC-5BD6-45CA-979E-E4F728F554A5}.Release|Any CPU.Build.0 = Release|Any CPU
		{1E87F5DC-5BD6-45CA-979E-E4F728F554A5}.Release|ARM.ActiveCfg = Release|Any CPU
		{1E87F5DC-5BD6-45CA-979E-E4F728F554A5}.Release|ARM.Build.0 = Release|Any CPU
		{1E87F5DC-5BD6-45CA-979E-E4F728F554A5}.Release|x64.ActiveCfg = Release|Any CPU
		{1E87F5DC-5BD6-45CA-979E-E4F728F554A5}.Release|x64.Build.0 = Release|Any CPU
		{1E87F5DC-5BD6-45CA-979E-E4F728F554A5}.Release|x86.ActiveCfg = Release|Any CPU
		{1E87F5DC-5BD6-45CA-979E-E4F728F554A5}.Release|x86.Build.0 = Release|Any CPU
		{84EE0288-D093-4F5F-AAF9-E2CD64C04A8D}.Debug|Any CPU.ActiveCfg = Debug|Any CPU
		{84EE0288-D093-4F5F-AAF9-E2CD64C04A8D}.Debug|Any CPU.Build.0 = Debug|Any CPU
		{84EE0288-D093-4F5F-AAF9-E2CD64C04A8D}.Debug|ARM.ActiveCfg = Debug|Any CPU
		{84EE0288-D093-4F5F-AAF9-E2CD64C04A8D}.Debug|ARM.Build.0 = Debug|Any CPU
		{84EE0288-D093-4F5F-AAF9-E2CD64C04A8D}.Debug|x64.ActiveCfg = Debug|Any CPU
		{84EE0288-D093-4F5F-AAF9-E2CD64C04A8D}.Debug|x64.Build.0 = Debug|Any CPU
		{84EE0288-D093-4F5F-AAF9-E2CD64C04A8D}.Debug|x86.ActiveCfg = Debug|Any CPU
		{84EE0288-D093-4F5F-AAF9-E2CD64C04A8D}.Debug|x86.Build.0 = Debug|Any CPU
		{84EE0288-D093-4F5F-AAF9-E2CD64C04A8D}.Release|Any CPU.ActiveCfg = Release|Any CPU
		{84EE0288-D093-4F5F-AAF9-E2CD64C04A8D}.Release|Any CPU.Build.0 = Release|Any CPU
		{84EE0288-D093-4F5F-AAF9-E2CD64C04A8D}.Release|ARM.ActiveCfg = Release|Any CPU
		{84EE0288-D093-4F5F-AAF9-E2CD64C04A8D}.Release|ARM.Build.0 = Release|Any CPU
		{84EE0288-D093-4F5F-AAF9-E2CD64C04A8D}.Release|x64.ActiveCfg = Release|Any CPU
		{84EE0288-D093-4F5F-AAF9-E2CD64C04A8D}.Release|x64.Build.0 = Release|Any CPU
		{84EE0288-D093-4F5F-AAF9-E2CD64C04A8D}.Release|x86.ActiveCfg = Release|Any CPU
		{84EE0288-D093-4F5F-AAF9-E2CD64C04A8D}.Release|x86.Build.0 = Release|Any CPU
		{00A6AB0F-6680-4EC3-B13C-69E2791A3D0F}.Debug|Any CPU.ActiveCfg = Debug|Any CPU
		{00A6AB0F-6680-4EC3-B13C-69E2791A3D0F}.Debug|Any CPU.Build.0 = Debug|Any CPU
		{00A6AB0F-6680-4EC3-B13C-69E2791A3D0F}.Debug|ARM.ActiveCfg = Debug|Any CPU
		{00A6AB0F-6680-4EC3-B13C-69E2791A3D0F}.Debug|ARM.Build.0 = Debug|Any CPU
		{00A6AB0F-6680-4EC3-B13C-69E2791A3D0F}.Debug|x64.ActiveCfg = Debug|Any CPU
		{00A6AB0F-6680-4EC3-B13C-69E2791A3D0F}.Debug|x64.Build.0 = Debug|Any CPU
		{00A6AB0F-6680-4EC3-B13C-69E2791A3D0F}.Debug|x86.ActiveCfg = Debug|Any CPU
		{00A6AB0F-6680-4EC3-B13C-69E2791A3D0F}.Debug|x86.Build.0 = Debug|Any CPU
		{00A6AB0F-6680-4EC3-B13C-69E2791A3D0F}.Release|Any CPU.ActiveCfg = Release|Any CPU
		{00A6AB0F-6680-4EC3-B13C-69E2791A3D0F}.Release|Any CPU.Build.0 = Release|Any CPU
		{00A6AB0F-6680-4EC3-B13C-69E2791A3D0F}.Release|ARM.ActiveCfg = Release|Any CPU
		{00A6AB0F-6680-4EC3-B13C-69E2791A3D0F}.Release|ARM.Build.0 = Release|Any CPU
		{00A6AB0F-6680-4EC3-B13C-69E2791A3D0F}.Release|x64.ActiveCfg = Release|Any CPU
		{00A6AB0F-6680-4EC3-B13C-69E2791A3D0F}.Release|x64.Build.0 = Release|Any CPU
		{00A6AB0F-6680-4EC3-B13C-69E2791A3D0F}.Release|x86.ActiveCfg = Release|Any CPU
		{00A6AB0F-6680-4EC3-B13C-69E2791A3D0F}.Release|x86.Build.0 = Release|Any CPU
		{38B68574-41AD-4C07-A1E3-077409257983}.Debug|Any CPU.ActiveCfg = Debug|Any CPU
		{38B68574-41AD-4C07-A1E3-077409257983}.Debug|Any CPU.Build.0 = Debug|Any CPU
		{38B68574-41AD-4C07-A1E3-077409257983}.Debug|ARM.ActiveCfg = Debug|Any CPU
		{38B68574-41AD-4C07-A1E3-077409257983}.Debug|ARM.Build.0 = Debug|Any CPU
		{38B68574-41AD-4C07-A1E3-077409257983}.Debug|x64.ActiveCfg = Debug|Any CPU
		{38B68574-41AD-4C07-A1E3-077409257983}.Debug|x64.Build.0 = Debug|Any CPU
		{38B68574-41AD-4C07-A1E3-077409257983}.Debug|x86.ActiveCfg = Debug|Any CPU
		{38B68574-41AD-4C07-A1E3-077409257983}.Debug|x86.Build.0 = Debug|Any CPU
		{38B68574-41AD-4C07-A1E3-077409257983}.Release|Any CPU.ActiveCfg = Release|Any CPU
		{38B68574-41AD-4C07-A1E3-077409257983}.Release|Any CPU.Build.0 = Release|Any CPU
		{38B68574-41AD-4C07-A1E3-077409257983}.Release|ARM.ActiveCfg = Release|Any CPU
		{38B68574-41AD-4C07-A1E3-077409257983}.Release|ARM.Build.0 = Release|Any CPU
		{38B68574-41AD-4C07-A1E3-077409257983}.Release|x64.ActiveCfg = Release|Any CPU
		{38B68574-41AD-4C07-A1E3-077409257983}.Release|x64.Build.0 = Release|Any CPU
		{38B68574-41AD-4C07-A1E3-077409257983}.Release|x86.ActiveCfg = Release|Any CPU
		{38B68574-41AD-4C07-A1E3-077409257983}.Release|x86.Build.0 = Release|Any CPU
		{C77EAC46-9B4E-424A-B2E5-9725AB3C3B2F}.Debug|Any CPU.ActiveCfg = Debug|Any CPU
		{C77EAC46-9B4E-424A-B2E5-9725AB3C3B2F}.Debug|Any CPU.Build.0 = Debug|Any CPU
		{C77EAC46-9B4E-424A-B2E5-9725AB3C3B2F}.Debug|ARM.ActiveCfg = Debug|Any CPU
		{C77EAC46-9B4E-424A-B2E5-9725AB3C3B2F}.Debug|ARM.Build.0 = Debug|Any CPU
		{C77EAC46-9B4E-424A-B2E5-9725AB3C3B2F}.Debug|x64.ActiveCfg = Debug|Any CPU
		{C77EAC46-9B4E-424A-B2E5-9725AB3C3B2F}.Debug|x64.Build.0 = Debug|Any CPU
		{C77EAC46-9B4E-424A-B2E5-9725AB3C3B2F}.Debug|x86.ActiveCfg = Debug|Any CPU
		{C77EAC46-9B4E-424A-B2E5-9725AB3C3B2F}.Debug|x86.Build.0 = Debug|Any CPU
		{C77EAC46-9B4E-424A-B2E5-9725AB3C3B2F}.Release|Any CPU.ActiveCfg = Release|Any CPU
		{C77EAC46-9B4E-424A-B2E5-9725AB3C3B2F}.Release|Any CPU.Build.0 = Release|Any CPU
		{C77EAC46-9B4E-424A-B2E5-9725AB3C3B2F}.Release|ARM.ActiveCfg = Release|Any CPU
		{C77EAC46-9B4E-424A-B2E5-9725AB3C3B2F}.Release|ARM.Build.0 = Release|Any CPU
		{C77EAC46-9B4E-424A-B2E5-9725AB3C3B2F}.Release|x64.ActiveCfg = Release|Any CPU
		{C77EAC46-9B4E-424A-B2E5-9725AB3C3B2F}.Release|x64.Build.0 = Release|Any CPU
		{C77EAC46-9B4E-424A-B2E5-9725AB3C3B2F}.Release|x86.ActiveCfg = Release|Any CPU
		{C77EAC46-9B4E-424A-B2E5-9725AB3C3B2F}.Release|x86.Build.0 = Release|Any CPU
		{2EBEE0D0-F5B0-45CD-8A9D-0E1755B8BEFD}.Debug|Any CPU.ActiveCfg = Debug|Any CPU
		{2EBEE0D0-F5B0-45CD-8A9D-0E1755B8BEFD}.Debug|Any CPU.Build.0 = Debug|Any CPU
		{2EBEE0D0-F5B0-45CD-8A9D-0E1755B8BEFD}.Debug|ARM.ActiveCfg = Debug|Any CPU
		{2EBEE0D0-F5B0-45CD-8A9D-0E1755B8BEFD}.Debug|ARM.Build.0 = Debug|Any CPU
		{2EBEE0D0-F5B0-45CD-8A9D-0E1755B8BEFD}.Debug|x64.ActiveCfg = Debug|Any CPU
		{2EBEE0D0-F5B0-45CD-8A9D-0E1755B8BEFD}.Debug|x64.Build.0 = Debug|Any CPU
		{2EBEE0D0-F5B0-45CD-8A9D-0E1755B8BEFD}.Debug|x86.ActiveCfg = Debug|Any CPU
		{2EBEE0D0-F5B0-45CD-8A9D-0E1755B8BEFD}.Debug|x86.Build.0 = Debug|Any CPU
		{2EBEE0D0-F5B0-45CD-8A9D-0E1755B8BEFD}.Release|Any CPU.ActiveCfg = Release|Any CPU
		{2EBEE0D0-F5B0-45CD-8A9D-0E1755B8BEFD}.Release|Any CPU.Build.0 = Release|Any CPU
		{2EBEE0D0-F5B0-45CD-8A9D-0E1755B8BEFD}.Release|ARM.ActiveCfg = Release|Any CPU
		{2EBEE0D0-F5B0-45CD-8A9D-0E1755B8BEFD}.Release|ARM.Build.0 = Release|Any CPU
		{2EBEE0D0-F5B0-45CD-8A9D-0E1755B8BEFD}.Release|x64.ActiveCfg = Release|Any CPU
		{2EBEE0D0-F5B0-45CD-8A9D-0E1755B8BEFD}.Release|x64.Build.0 = Release|Any CPU
		{2EBEE0D0-F5B0-45CD-8A9D-0E1755B8BEFD}.Release|x86.ActiveCfg = Release|Any CPU
		{2EBEE0D0-F5B0-45CD-8A9D-0E1755B8BEFD}.Release|x86.Build.0 = Release|Any CPU
		{6FAC72A2-7D8D-453F-9D49-ABEBD741A0C6}.Debug|Any CPU.ActiveCfg = Debug|Any CPU
		{6FAC72A2-7D8D-453F-9D49-ABEBD741A0C6}.Debug|Any CPU.Build.0 = Debug|Any CPU
		{6FAC72A2-7D8D-453F-9D49-ABEBD741A0C6}.Debug|ARM.ActiveCfg = Debug|Any CPU
		{6FAC72A2-7D8D-453F-9D49-ABEBD741A0C6}.Debug|ARM.Build.0 = Debug|Any CPU
		{6FAC72A2-7D8D-453F-9D49-ABEBD741A0C6}.Debug|x64.ActiveCfg = Debug|Any CPU
		{6FAC72A2-7D8D-453F-9D49-ABEBD741A0C6}.Debug|x64.Build.0 = Debug|Any CPU
		{6FAC72A2-7D8D-453F-9D49-ABEBD741A0C6}.Debug|x86.ActiveCfg = Debug|Any CPU
		{6FAC72A2-7D8D-453F-9D49-ABEBD741A0C6}.Debug|x86.Build.0 = Debug|Any CPU
		{6FAC72A2-7D8D-453F-9D49-ABEBD741A0C6}.Release|Any CPU.ActiveCfg = Release|Any CPU
		{6FAC72A2-7D8D-453F-9D49-ABEBD741A0C6}.Release|Any CPU.Build.0 = Release|Any CPU
		{6FAC72A2-7D8D-453F-9D49-ABEBD741A0C6}.Release|ARM.ActiveCfg = Release|Any CPU
		{6FAC72A2-7D8D-453F-9D49-ABEBD741A0C6}.Release|ARM.Build.0 = Release|Any CPU
		{6FAC72A2-7D8D-453F-9D49-ABEBD741A0C6}.Release|x64.ActiveCfg = Release|Any CPU
		{6FAC72A2-7D8D-453F-9D49-ABEBD741A0C6}.Release|x64.Build.0 = Release|Any CPU
		{6FAC72A2-7D8D-453F-9D49-ABEBD741A0C6}.Release|x86.ActiveCfg = Release|Any CPU
		{6FAC72A2-7D8D-453F-9D49-ABEBD741A0C6}.Release|x86.Build.0 = Release|Any CPU
		{EDEA211A-2504-4519-B4ED-FCEA55907E67}.Debug|Any CPU.ActiveCfg = Debug|Any CPU
		{EDEA211A-2504-4519-B4ED-FCEA55907E67}.Debug|Any CPU.Build.0 = Debug|Any CPU
		{EDEA211A-2504-4519-B4ED-FCEA55907E67}.Debug|ARM.ActiveCfg = Debug|Any CPU
		{EDEA211A-2504-4519-B4ED-FCEA55907E67}.Debug|ARM.Build.0 = Debug|Any CPU
		{EDEA211A-2504-4519-B4ED-FCEA55907E67}.Debug|x64.ActiveCfg = Debug|Any CPU
		{EDEA211A-2504-4519-B4ED-FCEA55907E67}.Debug|x64.Build.0 = Debug|Any CPU
		{EDEA211A-2504-4519-B4ED-FCEA55907E67}.Debug|x86.ActiveCfg = Debug|Any CPU
		{EDEA211A-2504-4519-B4ED-FCEA55907E67}.Debug|x86.Build.0 = Debug|Any CPU
		{EDEA211A-2504-4519-B4ED-FCEA55907E67}.Release|Any CPU.ActiveCfg = Release|Any CPU
		{EDEA211A-2504-4519-B4ED-FCEA55907E67}.Release|Any CPU.Build.0 = Release|Any CPU
		{EDEA211A-2504-4519-B4ED-FCEA55907E67}.Release|ARM.ActiveCfg = Release|Any CPU
		{EDEA211A-2504-4519-B4ED-FCEA55907E67}.Release|ARM.Build.0 = Release|Any CPU
		{EDEA211A-2504-4519-B4ED-FCEA55907E67}.Release|x64.ActiveCfg = Release|Any CPU
		{EDEA211A-2504-4519-B4ED-FCEA55907E67}.Release|x64.Build.0 = Release|Any CPU
		{EDEA211A-2504-4519-B4ED-FCEA55907E67}.Release|x86.ActiveCfg = Release|Any CPU
		{EDEA211A-2504-4519-B4ED-FCEA55907E67}.Release|x86.Build.0 = Release|Any CPU
		{D944A59D-B074-456D-B8A2-647CCE53FDFE}.Debug|Any CPU.ActiveCfg = Debug|Any CPU
		{D944A59D-B074-456D-B8A2-647CCE53FDFE}.Debug|Any CPU.Build.0 = Debug|Any CPU
		{D944A59D-B074-456D-B8A2-647CCE53FDFE}.Debug|ARM.ActiveCfg = Debug|Any CPU
		{D944A59D-B074-456D-B8A2-647CCE53FDFE}.Debug|ARM.Build.0 = Debug|Any CPU
		{D944A59D-B074-456D-B8A2-647CCE53FDFE}.Debug|x64.ActiveCfg = Debug|Any CPU
		{D944A59D-B074-456D-B8A2-647CCE53FDFE}.Debug|x64.Build.0 = Debug|Any CPU
		{D944A59D-B074-456D-B8A2-647CCE53FDFE}.Debug|x86.ActiveCfg = Debug|Any CPU
		{D944A59D-B074-456D-B8A2-647CCE53FDFE}.Debug|x86.Build.0 = Debug|Any CPU
		{D944A59D-B074-456D-B8A2-647CCE53FDFE}.Release|Any CPU.ActiveCfg = Release|Any CPU
		{D944A59D-B074-456D-B8A2-647CCE53FDFE}.Release|Any CPU.Build.0 = Release|Any CPU
		{D944A59D-B074-456D-B8A2-647CCE53FDFE}.Release|ARM.ActiveCfg = Release|Any CPU
		{D944A59D-B074-456D-B8A2-647CCE53FDFE}.Release|ARM.Build.0 = Release|Any CPU
		{D944A59D-B074-456D-B8A2-647CCE53FDFE}.Release|x64.ActiveCfg = Release|Any CPU
		{D944A59D-B074-456D-B8A2-647CCE53FDFE}.Release|x64.Build.0 = Release|Any CPU
		{D944A59D-B074-456D-B8A2-647CCE53FDFE}.Release|x86.ActiveCfg = Release|Any CPU
		{D944A59D-B074-456D-B8A2-647CCE53FDFE}.Release|x86.Build.0 = Release|Any CPU
		{0983A550-1287-4965-929C-C6EE7106A7BC}.Debug|Any CPU.ActiveCfg = Debug|Any CPU
		{0983A550-1287-4965-929C-C6EE7106A7BC}.Debug|Any CPU.Build.0 = Debug|Any CPU
		{0983A550-1287-4965-929C-C6EE7106A7BC}.Debug|ARM.ActiveCfg = Debug|Any CPU
		{0983A550-1287-4965-929C-C6EE7106A7BC}.Debug|ARM.Build.0 = Debug|Any CPU
		{0983A550-1287-4965-929C-C6EE7106A7BC}.Debug|x64.ActiveCfg = Debug|Any CPU
		{0983A550-1287-4965-929C-C6EE7106A7BC}.Debug|x64.Build.0 = Debug|Any CPU
		{0983A550-1287-4965-929C-C6EE7106A7BC}.Debug|x86.ActiveCfg = Debug|Any CPU
		{0983A550-1287-4965-929C-C6EE7106A7BC}.Debug|x86.Build.0 = Debug|Any CPU
		{0983A550-1287-4965-929C-C6EE7106A7BC}.Release|Any CPU.ActiveCfg = Release|Any CPU
		{0983A550-1287-4965-929C-C6EE7106A7BC}.Release|Any CPU.Build.0 = Release|Any CPU
		{0983A550-1287-4965-929C-C6EE7106A7BC}.Release|ARM.ActiveCfg = Release|Any CPU
		{0983A550-1287-4965-929C-C6EE7106A7BC}.Release|ARM.Build.0 = Release|Any CPU
		{0983A550-1287-4965-929C-C6EE7106A7BC}.Release|x64.ActiveCfg = Release|Any CPU
		{0983A550-1287-4965-929C-C6EE7106A7BC}.Release|x64.Build.0 = Release|Any CPU
		{0983A550-1287-4965-929C-C6EE7106A7BC}.Release|x86.ActiveCfg = Release|Any CPU
		{0983A550-1287-4965-929C-C6EE7106A7BC}.Release|x86.Build.0 = Release|Any CPU
		{DF502F70-77AF-49C9-9DC0-A74FF34241CF}.Debug|Any CPU.ActiveCfg = Debug|Any CPU
		{DF502F70-77AF-49C9-9DC0-A74FF34241CF}.Debug|Any CPU.Build.0 = Debug|Any CPU
		{DF502F70-77AF-49C9-9DC0-A74FF34241CF}.Debug|ARM.ActiveCfg = Debug|Any CPU
		{DF502F70-77AF-49C9-9DC0-A74FF34241CF}.Debug|ARM.Build.0 = Debug|Any CPU
		{DF502F70-77AF-49C9-9DC0-A74FF34241CF}.Debug|x64.ActiveCfg = Debug|Any CPU
		{DF502F70-77AF-49C9-9DC0-A74FF34241CF}.Debug|x64.Build.0 = Debug|Any CPU
		{DF502F70-77AF-49C9-9DC0-A74FF34241CF}.Debug|x86.ActiveCfg = Debug|Any CPU
		{DF502F70-77AF-49C9-9DC0-A74FF34241CF}.Debug|x86.Build.0 = Debug|Any CPU
		{DF502F70-77AF-49C9-9DC0-A74FF34241CF}.Release|Any CPU.ActiveCfg = Release|Any CPU
		{DF502F70-77AF-49C9-9DC0-A74FF34241CF}.Release|Any CPU.Build.0 = Release|Any CPU
		{DF502F70-77AF-49C9-9DC0-A74FF34241CF}.Release|ARM.ActiveCfg = Release|Any CPU
		{DF502F70-77AF-49C9-9DC0-A74FF34241CF}.Release|ARM.Build.0 = Release|Any CPU
		{DF502F70-77AF-49C9-9DC0-A74FF34241CF}.Release|x64.ActiveCfg = Release|Any CPU
		{DF502F70-77AF-49C9-9DC0-A74FF34241CF}.Release|x64.Build.0 = Release|Any CPU
		{DF502F70-77AF-49C9-9DC0-A74FF34241CF}.Release|x86.ActiveCfg = Release|Any CPU
		{DF502F70-77AF-49C9-9DC0-A74FF34241CF}.Release|x86.Build.0 = Release|Any CPU
		{D841B6A8-C0D4-4FEA-A15E-5A7AF38AF7D9}.Debug|Any CPU.ActiveCfg = Debug|Any CPU
		{D841B6A8-C0D4-4FEA-A15E-5A7AF38AF7D9}.Debug|Any CPU.Build.0 = Debug|Any CPU
		{D841B6A8-C0D4-4FEA-A15E-5A7AF38AF7D9}.Debug|ARM.ActiveCfg = Debug|Any CPU
		{D841B6A8-C0D4-4FEA-A15E-5A7AF38AF7D9}.Debug|ARM.Build.0 = Debug|Any CPU
		{D841B6A8-C0D4-4FEA-A15E-5A7AF38AF7D9}.Debug|x64.ActiveCfg = Debug|Any CPU
		{D841B6A8-C0D4-4FEA-A15E-5A7AF38AF7D9}.Debug|x64.Build.0 = Debug|Any CPU
		{D841B6A8-C0D4-4FEA-A15E-5A7AF38AF7D9}.Debug|x86.ActiveCfg = Debug|Any CPU
		{D841B6A8-C0D4-4FEA-A15E-5A7AF38AF7D9}.Debug|x86.Build.0 = Debug|Any CPU
		{D841B6A8-C0D4-4FEA-A15E-5A7AF38AF7D9}.Release|Any CPU.ActiveCfg = Release|Any CPU
		{D841B6A8-C0D4-4FEA-A15E-5A7AF38AF7D9}.Release|Any CPU.Build.0 = Release|Any CPU
		{D841B6A8-C0D4-4FEA-A15E-5A7AF38AF7D9}.Release|ARM.ActiveCfg = Release|Any CPU
		{D841B6A8-C0D4-4FEA-A15E-5A7AF38AF7D9}.Release|ARM.Build.0 = Release|Any CPU
		{D841B6A8-C0D4-4FEA-A15E-5A7AF38AF7D9}.Release|x64.ActiveCfg = Release|Any CPU
		{D841B6A8-C0D4-4FEA-A15E-5A7AF38AF7D9}.Release|x64.Build.0 = Release|Any CPU
		{D841B6A8-C0D4-4FEA-A15E-5A7AF38AF7D9}.Release|x86.ActiveCfg = Release|Any CPU
		{D841B6A8-C0D4-4FEA-A15E-5A7AF38AF7D9}.Release|x86.Build.0 = Release|Any CPU
		{8AD9041A-94E5-4E43-B3C3-DFFFA67F25CF}.Debug|Any CPU.ActiveCfg = Debug|Any CPU
		{8AD9041A-94E5-4E43-B3C3-DFFFA67F25CF}.Debug|Any CPU.Build.0 = Debug|Any CPU
		{8AD9041A-94E5-4E43-B3C3-DFFFA67F25CF}.Debug|ARM.ActiveCfg = Debug|Any CPU
		{8AD9041A-94E5-4E43-B3C3-DFFFA67F25CF}.Debug|ARM.Build.0 = Debug|Any CPU
		{8AD9041A-94E5-4E43-B3C3-DFFFA67F25CF}.Debug|x64.ActiveCfg = Debug|Any CPU
		{8AD9041A-94E5-4E43-B3C3-DFFFA67F25CF}.Debug|x64.Build.0 = Debug|Any CPU
		{8AD9041A-94E5-4E43-B3C3-DFFFA67F25CF}.Debug|x86.ActiveCfg = Debug|Any CPU
		{8AD9041A-94E5-4E43-B3C3-DFFFA67F25CF}.Debug|x86.Build.0 = Debug|Any CPU
		{8AD9041A-94E5-4E43-B3C3-DFFFA67F25CF}.Release|Any CPU.ActiveCfg = Release|Any CPU
		{8AD9041A-94E5-4E43-B3C3-DFFFA67F25CF}.Release|Any CPU.Build.0 = Release|Any CPU
		{8AD9041A-94E5-4E43-B3C3-DFFFA67F25CF}.Release|ARM.ActiveCfg = Release|Any CPU
		{8AD9041A-94E5-4E43-B3C3-DFFFA67F25CF}.Release|ARM.Build.0 = Release|Any CPU
		{8AD9041A-94E5-4E43-B3C3-DFFFA67F25CF}.Release|x64.ActiveCfg = Release|Any CPU
		{8AD9041A-94E5-4E43-B3C3-DFFFA67F25CF}.Release|x64.Build.0 = Release|Any CPU
		{8AD9041A-94E5-4E43-B3C3-DFFFA67F25CF}.Release|x86.ActiveCfg = Release|Any CPU
		{8AD9041A-94E5-4E43-B3C3-DFFFA67F25CF}.Release|x86.Build.0 = Release|Any CPU
		{D51AD383-A198-4424-AD1D-B825415036AD}.Debug|Any CPU.ActiveCfg = Debug|Any CPU
		{D51AD383-A198-4424-AD1D-B825415036AD}.Debug|Any CPU.Build.0 = Debug|Any CPU
		{D51AD383-A198-4424-AD1D-B825415036AD}.Debug|ARM.ActiveCfg = Debug|Any CPU
		{D51AD383-A198-4424-AD1D-B825415036AD}.Debug|ARM.Build.0 = Debug|Any CPU
		{D51AD383-A198-4424-AD1D-B825415036AD}.Debug|x64.ActiveCfg = Debug|Any CPU
		{D51AD383-A198-4424-AD1D-B825415036AD}.Debug|x64.Build.0 = Debug|Any CPU
		{D51AD383-A198-4424-AD1D-B825415036AD}.Debug|x86.ActiveCfg = Debug|Any CPU
		{D51AD383-A198-4424-AD1D-B825415036AD}.Debug|x86.Build.0 = Debug|Any CPU
		{D51AD383-A198-4424-AD1D-B825415036AD}.Release|Any CPU.ActiveCfg = Release|Any CPU
		{D51AD383-A198-4424-AD1D-B825415036AD}.Release|Any CPU.Build.0 = Release|Any CPU
		{D51AD383-A198-4424-AD1D-B825415036AD}.Release|ARM.ActiveCfg = Release|Any CPU
		{D51AD383-A198-4424-AD1D-B825415036AD}.Release|ARM.Build.0 = Release|Any CPU
		{D51AD383-A198-4424-AD1D-B825415036AD}.Release|x64.ActiveCfg = Release|Any CPU
		{D51AD383-A198-4424-AD1D-B825415036AD}.Release|x64.Build.0 = Release|Any CPU
		{D51AD383-A198-4424-AD1D-B825415036AD}.Release|x86.ActiveCfg = Release|Any CPU
		{D51AD383-A198-4424-AD1D-B825415036AD}.Release|x86.Build.0 = Release|Any CPU
		{69D0B635-95C9-4BE7-A7BB-8E0FF6641574}.Debug|Any CPU.ActiveCfg = Debug|Any CPU
		{69D0B635-95C9-4BE7-A7BB-8E0FF6641574}.Debug|Any CPU.Build.0 = Debug|Any CPU
		{69D0B635-95C9-4BE7-A7BB-8E0FF6641574}.Debug|ARM.ActiveCfg = Debug|Any CPU
		{69D0B635-95C9-4BE7-A7BB-8E0FF6641574}.Debug|ARM.Build.0 = Debug|Any CPU
		{69D0B635-95C9-4BE7-A7BB-8E0FF6641574}.Debug|x64.ActiveCfg = Debug|Any CPU
		{69D0B635-95C9-4BE7-A7BB-8E0FF6641574}.Debug|x64.Build.0 = Debug|Any CPU
		{69D0B635-95C9-4BE7-A7BB-8E0FF6641574}.Debug|x86.ActiveCfg = Debug|Any CPU
		{69D0B635-95C9-4BE7-A7BB-8E0FF6641574}.Debug|x86.Build.0 = Debug|Any CPU
		{69D0B635-95C9-4BE7-A7BB-8E0FF6641574}.Release|Any CPU.ActiveCfg = Release|Any CPU
		{69D0B635-95C9-4BE7-A7BB-8E0FF6641574}.Release|Any CPU.Build.0 = Release|Any CPU
		{69D0B635-95C9-4BE7-A7BB-8E0FF6641574}.Release|ARM.ActiveCfg = Release|Any CPU
		{69D0B635-95C9-4BE7-A7BB-8E0FF6641574}.Release|ARM.Build.0 = Release|Any CPU
		{69D0B635-95C9-4BE7-A7BB-8E0FF6641574}.Release|x64.ActiveCfg = Release|Any CPU
		{69D0B635-95C9-4BE7-A7BB-8E0FF6641574}.Release|x64.Build.0 = Release|Any CPU
		{69D0B635-95C9-4BE7-A7BB-8E0FF6641574}.Release|x86.ActiveCfg = Release|Any CPU
		{69D0B635-95C9-4BE7-A7BB-8E0FF6641574}.Release|x86.Build.0 = Release|Any CPU
		{EA55925C-0D80-420B-9194-7B340A7B329C}.Debug|Any CPU.ActiveCfg = Debug|Any CPU
		{EA55925C-0D80-420B-9194-7B340A7B329C}.Debug|Any CPU.Build.0 = Debug|Any CPU
		{EA55925C-0D80-420B-9194-7B340A7B329C}.Debug|ARM.ActiveCfg = Debug|Any CPU
		{EA55925C-0D80-420B-9194-7B340A7B329C}.Debug|ARM.Build.0 = Debug|Any CPU
		{EA55925C-0D80-420B-9194-7B340A7B329C}.Debug|x64.ActiveCfg = Debug|Any CPU
		{EA55925C-0D80-420B-9194-7B340A7B329C}.Debug|x64.Build.0 = Debug|Any CPU
		{EA55925C-0D80-420B-9194-7B340A7B329C}.Debug|x86.ActiveCfg = Debug|Any CPU
		{EA55925C-0D80-420B-9194-7B340A7B329C}.Debug|x86.Build.0 = Debug|Any CPU
		{EA55925C-0D80-420B-9194-7B340A7B329C}.Release|Any CPU.ActiveCfg = Release|Any CPU
		{EA55925C-0D80-420B-9194-7B340A7B329C}.Release|Any CPU.Build.0 = Release|Any CPU
		{EA55925C-0D80-420B-9194-7B340A7B329C}.Release|ARM.ActiveCfg = Release|Any CPU
		{EA55925C-0D80-420B-9194-7B340A7B329C}.Release|ARM.Build.0 = Release|Any CPU
		{EA55925C-0D80-420B-9194-7B340A7B329C}.Release|x64.ActiveCfg = Release|Any CPU
		{EA55925C-0D80-420B-9194-7B340A7B329C}.Release|x64.Build.0 = Release|Any CPU
		{EA55925C-0D80-420B-9194-7B340A7B329C}.Release|x86.ActiveCfg = Release|Any CPU
		{EA55925C-0D80-420B-9194-7B340A7B329C}.Release|x86.Build.0 = Release|Any CPU
		{17A91523-6D98-4F48-845C-86898A0CA72A}.Debug|Any CPU.ActiveCfg = Debug|Any CPU
		{17A91523-6D98-4F48-845C-86898A0CA72A}.Debug|Any CPU.Build.0 = Debug|Any CPU
		{17A91523-6D98-4F48-845C-86898A0CA72A}.Debug|ARM.ActiveCfg = Debug|Any CPU
		{17A91523-6D98-4F48-845C-86898A0CA72A}.Debug|ARM.Build.0 = Debug|Any CPU
		{17A91523-6D98-4F48-845C-86898A0CA72A}.Debug|x64.ActiveCfg = Debug|Any CPU
		{17A91523-6D98-4F48-845C-86898A0CA72A}.Debug|x64.Build.0 = Debug|Any CPU
		{17A91523-6D98-4F48-845C-86898A0CA72A}.Debug|x86.ActiveCfg = Debug|Any CPU
		{17A91523-6D98-4F48-845C-86898A0CA72A}.Debug|x86.Build.0 = Debug|Any CPU
		{17A91523-6D98-4F48-845C-86898A0CA72A}.Release|Any CPU.ActiveCfg = Release|Any CPU
		{17A91523-6D98-4F48-845C-86898A0CA72A}.Release|Any CPU.Build.0 = Release|Any CPU
		{17A91523-6D98-4F48-845C-86898A0CA72A}.Release|ARM.ActiveCfg = Release|Any CPU
		{17A91523-6D98-4F48-845C-86898A0CA72A}.Release|ARM.Build.0 = Release|Any CPU
		{17A91523-6D98-4F48-845C-86898A0CA72A}.Release|x64.ActiveCfg = Release|Any CPU
		{17A91523-6D98-4F48-845C-86898A0CA72A}.Release|x64.Build.0 = Release|Any CPU
		{17A91523-6D98-4F48-845C-86898A0CA72A}.Release|x86.ActiveCfg = Release|Any CPU
		{17A91523-6D98-4F48-845C-86898A0CA72A}.Release|x86.Build.0 = Release|Any CPU
		{39BAC534-CB8F-43BB-876E-5793C032B0EE}.Debug|Any CPU.ActiveCfg = Debug|Any CPU
		{39BAC534-CB8F-43BB-876E-5793C032B0EE}.Debug|Any CPU.Build.0 = Debug|Any CPU
		{39BAC534-CB8F-43BB-876E-5793C032B0EE}.Debug|ARM.ActiveCfg = Debug|Any CPU
		{39BAC534-CB8F-43BB-876E-5793C032B0EE}.Debug|ARM.Build.0 = Debug|Any CPU
		{39BAC534-CB8F-43BB-876E-5793C032B0EE}.Debug|x64.ActiveCfg = Debug|Any CPU
		{39BAC534-CB8F-43BB-876E-5793C032B0EE}.Debug|x64.Build.0 = Debug|Any CPU
		{39BAC534-CB8F-43BB-876E-5793C032B0EE}.Debug|x86.ActiveCfg = Debug|Any CPU
		{39BAC534-CB8F-43BB-876E-5793C032B0EE}.Debug|x86.Build.0 = Debug|Any CPU
		{39BAC534-CB8F-43BB-876E-5793C032B0EE}.Release|Any CPU.ActiveCfg = Release|Any CPU
		{39BAC534-CB8F-43BB-876E-5793C032B0EE}.Release|Any CPU.Build.0 = Release|Any CPU
		{39BAC534-CB8F-43BB-876E-5793C032B0EE}.Release|ARM.ActiveCfg = Release|Any CPU
		{39BAC534-CB8F-43BB-876E-5793C032B0EE}.Release|ARM.Build.0 = Release|Any CPU
		{39BAC534-CB8F-43BB-876E-5793C032B0EE}.Release|x64.ActiveCfg = Release|Any CPU
		{39BAC534-CB8F-43BB-876E-5793C032B0EE}.Release|x64.Build.0 = Release|Any CPU
		{39BAC534-CB8F-43BB-876E-5793C032B0EE}.Release|x86.ActiveCfg = Release|Any CPU
		{39BAC534-CB8F-43BB-876E-5793C032B0EE}.Release|x86.Build.0 = Release|Any CPU
		{2515660F-0754-486C-89EF-F281BE27E8D2}.Debug|Any CPU.ActiveCfg = Debug|Any CPU
		{2515660F-0754-486C-89EF-F281BE27E8D2}.Debug|Any CPU.Build.0 = Debug|Any CPU
		{2515660F-0754-486C-89EF-F281BE27E8D2}.Debug|ARM.ActiveCfg = Debug|Any CPU
		{2515660F-0754-486C-89EF-F281BE27E8D2}.Debug|ARM.Build.0 = Debug|Any CPU
		{2515660F-0754-486C-89EF-F281BE27E8D2}.Debug|x64.ActiveCfg = Debug|Any CPU
		{2515660F-0754-486C-89EF-F281BE27E8D2}.Debug|x64.Build.0 = Debug|Any CPU
		{2515660F-0754-486C-89EF-F281BE27E8D2}.Debug|x86.ActiveCfg = Debug|Any CPU
		{2515660F-0754-486C-89EF-F281BE27E8D2}.Debug|x86.Build.0 = Debug|Any CPU
		{2515660F-0754-486C-89EF-F281BE27E8D2}.Release|Any CPU.ActiveCfg = Release|Any CPU
		{2515660F-0754-486C-89EF-F281BE27E8D2}.Release|Any CPU.Build.0 = Release|Any CPU
		{2515660F-0754-486C-89EF-F281BE27E8D2}.Release|ARM.ActiveCfg = Release|Any CPU
		{2515660F-0754-486C-89EF-F281BE27E8D2}.Release|ARM.Build.0 = Release|Any CPU
		{2515660F-0754-486C-89EF-F281BE27E8D2}.Release|x64.ActiveCfg = Release|Any CPU
		{2515660F-0754-486C-89EF-F281BE27E8D2}.Release|x64.Build.0 = Release|Any CPU
		{2515660F-0754-486C-89EF-F281BE27E8D2}.Release|x86.ActiveCfg = Release|Any CPU
		{2515660F-0754-486C-89EF-F281BE27E8D2}.Release|x86.Build.0 = Release|Any CPU
		{9045E552-71C6-497F-9C91-97906155C233}.Debug|Any CPU.ActiveCfg = Debug|Any CPU
		{9045E552-71C6-497F-9C91-97906155C233}.Debug|Any CPU.Build.0 = Debug|Any CPU
		{9045E552-71C6-497F-9C91-97906155C233}.Debug|ARM.ActiveCfg = Debug|Any CPU
		{9045E552-71C6-497F-9C91-97906155C233}.Debug|ARM.Build.0 = Debug|Any CPU
		{9045E552-71C6-497F-9C91-97906155C233}.Debug|x64.ActiveCfg = Debug|Any CPU
		{9045E552-71C6-497F-9C91-97906155C233}.Debug|x64.Build.0 = Debug|Any CPU
		{9045E552-71C6-497F-9C91-97906155C233}.Debug|x86.ActiveCfg = Debug|Any CPU
		{9045E552-71C6-497F-9C91-97906155C233}.Debug|x86.Build.0 = Debug|Any CPU
		{9045E552-71C6-497F-9C91-97906155C233}.Release|Any CPU.ActiveCfg = Release|Any CPU
		{9045E552-71C6-497F-9C91-97906155C233}.Release|Any CPU.Build.0 = Release|Any CPU
		{9045E552-71C6-497F-9C91-97906155C233}.Release|ARM.ActiveCfg = Release|Any CPU
		{9045E552-71C6-497F-9C91-97906155C233}.Release|ARM.Build.0 = Release|Any CPU
		{9045E552-71C6-497F-9C91-97906155C233}.Release|x64.ActiveCfg = Release|Any CPU
		{9045E552-71C6-497F-9C91-97906155C233}.Release|x64.Build.0 = Release|Any CPU
		{9045E552-71C6-497F-9C91-97906155C233}.Release|x86.ActiveCfg = Release|Any CPU
		{9045E552-71C6-497F-9C91-97906155C233}.Release|x86.Build.0 = Release|Any CPU
	EndGlobalSection
	GlobalSection(SolutionProperties) = preSolution
		HideSolutionNode = FALSE
	EndGlobalSection
	GlobalSection(NestedProjects) = preSolution
		{ED8D5982-53EA-4AD9-B363-55BC5098C896} = {5860EE1F-C748-469E-B3C9-918B958E5910}
		{273C64AD-7FC9-476B-B8B0-267BF1750C51} = {5860EE1F-C748-469E-B3C9-918B958E5910}
		{7E434D04-E5E3-446F-91EC-7F35180C6C78} = {02594B0F-F639-4083-9008-1D40E3C9277A}
		{B545B3C6-5431-4004-B803-94C0775174C0} = {D1A461CB-3720-42DB-A7AB-7B3670EB7923}
		{3D8C543D-B3A6-492A-84A5-31F739FADAE8} = {1FF5122B-D6F7-4437-B99C-A4F0A20EEC70}
		{4C0BE352-72C2-45DD-9B95-79169430E215} = {3D8C543D-B3A6-492A-84A5-31F739FADAE8}
		{47AA85EB-BCAA-4E33-8F4E-1E7143BD0337} = {4C0BE352-72C2-45DD-9B95-79169430E215}
		{145359ED-967F-4B58-9D48-A5199CC00133} = {3D8C543D-B3A6-492A-84A5-31F739FADAE8}
		{6A94A9F8-823E-4A55-ABC1-A6FDBFA5C0DC} = {3D8C543D-B3A6-492A-84A5-31F739FADAE8}
		{B632D213-0953-4C18-87F0-307FB8028976} = {3D8C543D-B3A6-492A-84A5-31F739FADAE8}
		{B14DFFFB-840E-4FE0-80EE-FCAAA572AE99} = {B632D213-0953-4C18-87F0-307FB8028976}
		{8FAFE10A-9532-48E9-8BEF-873F8EFD8CFC} = {6A94A9F8-823E-4A55-ABC1-A6FDBFA5C0DC}
		{9A53F769-5D03-43DD-BAC0-B165B840F563} = {145359ED-967F-4B58-9D48-A5199CC00133}
		{485F14AD-3DD0-4274-B590-945FC929D589} = {3D8C543D-B3A6-492A-84A5-31F739FADAE8}
		{1E87F5DC-5BD6-45CA-979E-E4F728F554A5} = {3D8C543D-B3A6-492A-84A5-31F739FADAE8}
		{84EE0288-D093-4F5F-AAF9-E2CD64C04A8D} = {3D8C543D-B3A6-492A-84A5-31F739FADAE8}
		{00A6AB0F-6680-4EC3-B13C-69E2791A3D0F} = {4C0BE352-72C2-45DD-9B95-79169430E215}
		{38B68574-41AD-4C07-A1E3-077409257983} = {27569611-9D3A-4785-93AE-F595F31DEFAD}
		{C77EAC46-9B4E-424A-B2E5-9725AB3C3B2F} = {6A94A9F8-823E-4A55-ABC1-A6FDBFA5C0DC}
		{2EBEE0D0-F5B0-45CD-8A9D-0E1755B8BEFD} = {4C0BE352-72C2-45DD-9B95-79169430E215}
		{6FAC72A2-7D8D-453F-9D49-ABEBD741A0C6} = {6A94A9F8-823E-4A55-ABC1-A6FDBFA5C0DC}
		{EDEA211A-2504-4519-B4ED-FCEA55907E67} = {B632D213-0953-4C18-87F0-307FB8028976}
		{D944A59D-B074-456D-B8A2-647CCE53FDFE} = {B632D213-0953-4C18-87F0-307FB8028976}
		{0983A550-1287-4965-929C-C6EE7106A7BC} = {145359ED-967F-4B58-9D48-A5199CC00133}
		{DF502F70-77AF-49C9-9DC0-A74FF34241CF} = {145359ED-967F-4B58-9D48-A5199CC00133}
		{354531DE-1B52-4B38-9B29-768F0D01EB83} = {1FF5122B-D6F7-4437-B99C-A4F0A20EEC70}
		{0FC831DB-292F-4D1D-9733-405E2CF43178} = {3D8C543D-B3A6-492A-84A5-31F739FADAE8}
		{D841B6A8-C0D4-4FEA-A15E-5A7AF38AF7D9} = {0FC831DB-292F-4D1D-9733-405E2CF43178}
		{8AD9041A-94E5-4E43-B3C3-DFFFA67F25CF} = {0FC831DB-292F-4D1D-9733-405E2CF43178}
		{D51AD383-A198-4424-AD1D-B825415036AD} = {354531DE-1B52-4B38-9B29-768F0D01EB83}
		{69D0B635-95C9-4BE7-A7BB-8E0FF6641574} = {1FF5122B-D6F7-4437-B99C-A4F0A20EEC70}
		{EA55925C-0D80-420B-9194-7B340A7B329C} = {6925768A-A014-4410-9AB6-08D24389F89D}
		{17A91523-6D98-4F48-845C-86898A0CA72A} = {354531DE-1B52-4B38-9B29-768F0D01EB83}
		{39BAC534-CB8F-43BB-876E-5793C032B0EE} = {354531DE-1B52-4B38-9B29-768F0D01EB83}
		{2515660F-0754-486C-89EF-F281BE27E8D2} = {6925768A-A014-4410-9AB6-08D24389F89D}
		{9045E552-71C6-497F-9C91-97906155C233} = {5860EE1F-C748-469E-B3C9-918B958E5910}
	EndGlobalSection
EndGlobal
