
Microsoft Visual Studio Solution File, Format Version 12.00
# Visual Studio 14
VisualStudioVersion = 14.0.23107.0
MinimumVisualStudioVersion = 10.0.40219.1
Project("{FAE04EC0-301F-11D3-BF4B-00C04F79EFBC}") = "DeviceManagerService", "DeviceManagerService\DeviceManagerService.csproj", "{ED8D5982-53EA-4AD9-B363-55BC5098C896}"
EndProject
Project("{FAE04EC0-301F-11D3-BF4B-00C04F79EFBC}") = "TZ.API.DeviceManagement", "TZ.API.DeviceManager\TZ.API.DeviceManagement.csproj", "{273C64AD-7FC9-476B-B8B0-267BF1750C51}"
EndProject
Project("{FAE04EC0-301F-11D3-BF4B-00C04F79EFBC}") = "ClientApplication", "ClientApplication\ClientApplication.csproj", "{7E434D04-E5E3-446F-91EC-7F35180C6C78}"
EndProject
Project("{FAE04EC0-301F-11D3-BF4B-00C04F79EFBC}") = "Common", "Common\Common.csproj", "{B545B3C6-5431-4004-B803-94C0775174C0}"
EndProject
Project("{2150E333-8FDC-42A3-9474-1A3956D46DE8}") = "DeviceManagerWCF", "DeviceManagerWCF", "{5860EE1F-C748-469E-B3C9-918B958E5910}"
EndProject
Project("{2150E333-8FDC-42A3-9474-1A3956D46DE8}") = "Modules", "Modules", "{3E9A1EC0-B426-497F-B4A6-E7D05C5DF697}"
EndProject
Project("{2150E333-8FDC-42A3-9474-1A3956D46DE8}") = "Reservation", "Reservation", "{2093FDFB-4FA1-4035-92C6-810FC99F9C86}"
EndProject
Project("{2150E333-8FDC-42A3-9474-1A3956D46DE8}") = "NewFolder1", "NewFolder1", "{7B82888F-08A5-4429-8F0F-7AA48B3EE579}"
EndProject
Global
	GlobalSection(SolutionConfigurationPlatforms) = preSolution
		Debug|Any CPU = Debug|Any CPU
		Release|Any CPU = Release|Any CPU
	EndGlobalSection
	GlobalSection(ProjectConfigurationPlatforms) = postSolution
		{ED8D5982-53EA-4AD9-B363-55BC5098C896}.Debug|Any CPU.ActiveCfg = Debug|Any CPU
		{ED8D5982-53EA-4AD9-B363-55BC5098C896}.Debug|Any CPU.Build.0 = Debug|Any CPU
		{ED8D5982-53EA-4AD9-B363-55BC5098C896}.Release|Any CPU.ActiveCfg = Release|Any CPU
		{ED8D5982-53EA-4AD9-B363-55BC5098C896}.Release|Any CPU.Build.0 = Release|Any CPU
		{273C64AD-7FC9-476B-B8B0-267BF1750C51}.Debug|Any CPU.ActiveCfg = Debug|Any CPU
		{273C64AD-7FC9-476B-B8B0-267BF1750C51}.Debug|Any CPU.Build.0 = Debug|Any CPU
		{273C64AD-7FC9-476B-B8B0-267BF1750C51}.Release|Any CPU.ActiveCfg = Release|Any CPU
		{273C64AD-7FC9-476B-B8B0-267BF1750C51}.Release|Any CPU.Build.0 = Release|Any CPU
		{7E434D04-E5E3-446F-91EC-7F35180C6C78}.Debug|Any CPU.ActiveCfg = Debug|Any CPU
		{7E434D04-E5E3-446F-91EC-7F35180C6C78}.Debug|Any CPU.Build.0 = Debug|Any CPU
		{7E434D04-E5E3-446F-91EC-7F35180C6C78}.Release|Any CPU.ActiveCfg = Release|Any CPU
		{7E434D04-E5E3-446F-91EC-7F35180C6C78}.Release|Any CPU.Build.0 = Release|Any CPU
		{B545B3C6-5431-4004-B803-94C0775174C0}.Debug|Any CPU.ActiveCfg = Debug|Any CPU
		{B545B3C6-5431-4004-B803-94C0775174C0}.Debug|Any CPU.Build.0 = Debug|Any CPU
		{B545B3C6-5431-4004-B803-94C0775174C0}.Release|Any CPU.ActiveCfg = Release|Any CPU
		{B545B3C6-5431-4004-B803-94C0775174C0}.Release|Any CPU.Build.0 = Release|Any CPU
	EndGlobalSection
	GlobalSection(SolutionProperties) = preSolution
		HideSolutionNode = FALSE
	EndGlobalSection
	GlobalSection(NestedProjects) = preSolution
		{ED8D5982-53EA-4AD9-B363-55BC5098C896} = {5860EE1F-C748-469E-B3C9-918B958E5910}
		{273C64AD-7FC9-476B-B8B0-267BF1750C51} = {5860EE1F-C748-469E-B3C9-918B958E5910}
		{2093FDFB-4FA1-4035-92C6-810FC99F9C86} = {3E9A1EC0-B426-497F-B4A6-E7D05C5DF697}
		{7B82888F-08A5-4429-8F0F-7AA48B3EE579} = {3E9A1EC0-B426-497F-B4A6-E7D05C5DF697}
	EndGlobalSection
EndGlobal
